
Microsoft Visual Studio Solution File, Format Version 12.00
# Visual Studio 15
VisualStudioVersion = 15.0.26124.0
MinimumVisualStudioVersion = 15.0.26124.0
Project("{FAE04EC0-301F-11D3-BF4B-00C04F79EFBC}") = "DataFakery", "DataFakery\DataFakery.csproj", "{5A929CB9-7FEC-4EE4-A1DC-EBFECA7F4F6E}"
EndProject
Project("{FAE04EC0-301F-11D3-BF4B-00C04F79EFBC}") = "DataFakeryTest", "DataFakeryTest\DataFakeryTest.csproj", "{19D19BF1-E06E-43EF-93FA-688EF594441A}"
EndProject
Global
	GlobalSection(SolutionConfigurationPlatforms) = preSolution
		Debug|Any CPU = Debug|Any CPU
		Debug|x64 = Debug|x64
		Debug|x86 = Debug|x86
		Release|Any CPU = Release|Any CPU
		Release|x64 = Release|x64
		Release|x86 = Release|x86
	EndGlobalSection
	GlobalSection(SolutionProperties) = preSolution
		HideSolutionNode = FALSE
	EndGlobalSection
	GlobalSection(ProjectConfigurationPlatforms) = postSolution
		{5A929CB9-7FEC-4EE4-A1DC-EBFECA7F4F6E}.Debug|Any CPU.ActiveCfg = Debug|Any CPU
		{5A929CB9-7FEC-4EE4-A1DC-EBFECA7F4F6E}.Debug|Any CPU.Build.0 = Debug|Any CPU
		{5A929CB9-7FEC-4EE4-A1DC-EBFECA7F4F6E}.Debug|x64.ActiveCfg = Debug|Any CPU
		{5A929CB9-7FEC-4EE4-A1DC-EBFECA7F4F6E}.Debug|x64.Build.0 = Debug|Any CPU
		{5A929CB9-7FEC-4EE4-A1DC-EBFECA7F4F6E}.Debug|x86.ActiveCfg = Debug|Any CPU
		{5A929CB9-7FEC-4EE4-A1DC-EBFECA7F4F6E}.Debug|x86.Build.0 = Debug|Any CPU
		{5A929CB9-7FEC-4EE4-A1DC-EBFECA7F4F6E}.Release|Any CPU.ActiveCfg = Release|Any CPU
		{5A929CB9-7FEC-4EE4-A1DC-EBFECA7F4F6E}.Release|Any CPU.Build.0 = Release|Any CPU
		{5A929CB9-7FEC-4EE4-A1DC-EBFECA7F4F6E}.Release|x64.ActiveCfg = Release|Any CPU
		{5A929CB9-7FEC-4EE4-A1DC-EBFECA7F4F6E}.Release|x64.Build.0 = Release|Any CPU
		{5A929CB9-7FEC-4EE4-A1DC-EBFECA7F4F6E}.Release|x86.ActiveCfg = Release|Any CPU
		{5A929CB9-7FEC-4EE4-A1DC-EBFECA7F4F6E}.Release|x86.Build.0 = Release|Any CPU
		{19D19BF1-E06E-43EF-93FA-688EF594441A}.Debug|Any CPU.ActiveCfg = Debug|Any CPU
		{19D19BF1-E06E-43EF-93FA-688EF594441A}.Debug|Any CPU.Build.0 = Debug|Any CPU
		{19D19BF1-E06E-43EF-93FA-688EF594441A}.Debug|x64.ActiveCfg = Debug|Any CPU
		{19D19BF1-E06E-43EF-93FA-688EF594441A}.Debug|x64.Build.0 = Debug|Any CPU
		{19D19BF1-E06E-43EF-93FA-688EF594441A}.Debug|x86.ActiveCfg = Debug|Any CPU
		{19D19BF1-E06E-43EF-93FA-688EF594441A}.Debug|x86.Build.0 = Debug|Any CPU
		{19D19BF1-E06E-43EF-93FA-688EF594441A}.Release|Any CPU.ActiveCfg = Release|Any CPU
		{19D19BF1-E06E-43EF-93FA-688EF594441A}.Release|Any CPU.Build.0 = Release|Any CPU
		{19D19BF1-E06E-43EF-93FA-688EF594441A}.Release|x64.ActiveCfg = Release|Any CPU
		{19D19BF1-E06E-43EF-93FA-688EF594441A}.Release|x64.Build.0 = Release|Any CPU
		{19D19BF1-E06E-43EF-93FA-688EF594441A}.Release|x86.ActiveCfg = Release|Any CPU
		{19D19BF1-E06E-43EF-93FA-688EF594441A}.Release|x86.Build.0 = Release|Any CPU
	EndGlobalSection
EndGlobal
